
Microsoft Visual Studio Solution File, Format Version 12.00
# Visual Studio Version 17
VisualStudioVersion = 17.10.35013.160
MinimumVisualStudioVersion = 10.0.40219.1
Project("{FAE04EC0-301F-11D3-BF4B-00C04F79EFBC}") = "LAB8_game_Pro", "LAB8_game_Pro\LAB8_game_Pro.csproj", "{ECBC4460-4BF9-4500-8DAC-FF25A6078B82}"
EndProject
Global
	GlobalSection(SolutionConfigurationPlatforms) = preSolution
		Debug|Any CPU = Debug|Any CPU
		Release|Any CPU = Release|Any CPU
	EndGlobalSection
	GlobalSection(ProjectConfigurationPlatforms) = postSolution
		{ECBC4460-4BF9-4500-8DAC-FF25A6078B82}.Debug|Any CPU.ActiveCfg = Debug|Any CPU
		{ECBC4460-4BF9-4500-8DAC-FF25A6078B82}.Debug|Any CPU.Build.0 = Debug|Any CPU
		{ECBC4460-4BF9-4500-8DAC-FF25A6078B82}.Release|Any CPU.ActiveCfg = Release|Any CPU
		{ECBC4460-4BF9-4500-8DAC-FF25A6078B82}.Release|Any CPU.Build.0 = Release|Any CPU
	EndGlobalSection
	GlobalSection(SolutionProperties) = preSolution
		HideSolutionNode = FALSE
	EndGlobalSection
	GlobalSection(ExtensibilityGlobals) = postSolution
		SolutionGuid = {316BDDF1-91EC-47EA-84D8-83F00B57E13C}
	EndGlobalSection
EndGlobal
